
Microsoft Visual Studio Solution File, Format Version 12.00
# Visual Studio 15
VisualStudioVersion = 15.0.28307.902
MinimumVisualStudioVersion = 10.0.40219.1
Project("{8BC9CEB8-8B4A-11D0-8D11-00A0C91BC942}") = "Cube", "Cube\Cube.vcxproj", "{C9BBA906-268B-49D4-BC6A-A798801282BD}"
EndProject
Global
	GlobalSection(SolutionConfigurationPlatforms) = preSolution
		Debug|x64 = Debug|x64
		Debug|x86 = Debug|x86
		Release|x64 = Release|x64
		Release|x86 = Release|x86
	EndGlobalSection
	GlobalSection(ProjectConfigurationPlatforms) = postSolution
		{C9BBA906-268B-49D4-BC6A-A798801282BD}.Debug|x64.ActiveCfg = Debug|x64
		{C9BBA906-268B-49D4-BC6A-A798801282BD}.Debug|x64.Build.0 = Debug|x64
		{C9BBA906-268B-49D4-BC6A-A798801282BD}.Debug|x86.ActiveCfg = Debug|Win32
		{C9BBA906-268B-49D4-BC6A-A798801282BD}.Debug|x86.Build.0 = Debug|Win32
		{C9BBA906-268B-49D4-BC6A-A798801282BD}.Release|x64.ActiveCfg = Release|x64
		{C9BBA906-268B-49D4-BC6A-A798801282BD}.Release|x64.Build.0 = Release|x64
		{C9BBA906-268B-49D4-BC6A-A798801282BD}.Release|x86.ActiveCfg = Release|Win32
		{C9BBA906-268B-49D4-BC6A-A798801282BD}.Release|x86.Build.0 = Release|Win32
	EndGlobalSection
	GlobalSection(SolutionProperties) = preSolution
		HideSolutionNode = FALSE
	EndGlobalSection
	GlobalSection(ExtensibilityGlobals) = postSolution
		SolutionGuid = {21A0928C-2EAD-443B-9C96-2783CB34323C}
	EndGlobalSection
EndGlobal
